
Microsoft Visual Studio Solution File, Format Version 12.00
# Visual Studio Version 17
VisualStudioVersion = 17.6.33815.320
MinimumVisualStudioVersion = 10.0.40219.1
Project("{FAE04EC0-301F-11D3-BF4B-00C04F79EFBC}") = "TinyUrl.API", "TinyUrl.API\TinyUrl.API.csproj", "{80046CAE-E105-4653-AAEC-4F446D7F2203}"
EndProject
Global
	GlobalSection(SolutionConfigurationPlatforms) = preSolution
		Debug|Any CPU = Debug|Any CPU
		Release|Any CPU = Release|Any CPU
	EndGlobalSection
	GlobalSection(ProjectConfigurationPlatforms) = postSolution
		{80046CAE-E105-4653-AAEC-4F446D7F2203}.Debug|Any CPU.ActiveCfg = Debug|Any CPU
		{80046CAE-E105-4653-AAEC-4F446D7F2203}.Debug|Any CPU.Build.0 = Debug|Any CPU
		{80046CAE-E105-4653-AAEC-4F446D7F2203}.Release|Any CPU.ActiveCfg = Release|Any CPU
		{80046CAE-E105-4653-AAEC-4F446D7F2203}.Release|Any CPU.Build.0 = Release|Any CPU
	EndGlobalSection
	GlobalSection(SolutionProperties) = preSolution
		HideSolutionNode = FALSE
	EndGlobalSection
	GlobalSection(ExtensibilityGlobals) = postSolution
		SolutionGuid = {861B8330-A501-4C48-8D69-5FB131FE7DA6}
	EndGlobalSection
EndGlobal
